# Generated by pub
# See http://pub.dartlang.org/doc/glossary.html#lockfile
packages:
  browser:
    description: browser
    source: hosted
    version: "0.10.0+2"
  ds:
    description: ds
    source: hosted
    version: "0.4.3"
  hub:
    description: hub
    source: hosted
    version: "0.10.3"
