# Generated by pub
# See http://pub.dartlang.org/doc/glossary.html#lockfile
packages:
  ds:
    description:
      path: "/Users/boxy/Apps/codelab/dart/pipes/../ds"
      relative: true
    source: path
    version: "0.0.1"
  hub:
    description:
      path: "/Users/boxy/Apps/codelab/dart/pipes/../hub"
      relative: true
    source: path
    version: "0.1.1"
